{
    "_meta": {
        "hash": {
            "sha256": "f3121b112c08ffd05c5769785aabb66364c78fa4b63213ea55725c0da769c8a5"
        },
        "pipfile-spec": 6,
        "requires": {
            "python_version": "3.6"
        },
        "sources": [
            {
                "name": "pypi",
                "url": "https://pypi.org/simple",
                "verify_ssl": true
            }
        ]
    },
    "default": {
        "pyasn1": {
            "hashes": [
                "sha256:da2420fe13a9452d8ae97a0e478adde1dee153b11ba832a95b223a2ba01c10f7",
                "sha256:da6b43a8c9ae93bc80e2739efb38cc776ba74a886e3e9318d65fe81a8b8a2c6e"
            ],
            "version": "==0.4.5"
        },
        "pyasn1-modules": {
            "hashes": [
                "sha256:642afdabb681d39f5948fd5477764d94faf17ce40e5691e9998b52815fbb4e71",
                "sha256:d14fcb29dabecba3d7b360bf72327c26c385248a5d603cf6be5f566ce999b261"
            ],
            "version": "==0.2.3"
        },
        "python-ldap": {
            "hashes": [
                "sha256:41975e79406502c092732c57ef0c2c2eb318d91e8e765f81f5d4ab6c1db727c5"
            ],
            "index": "pypi",
            "version": "==3.1.0"
        }
    },
    "develop": {}
}
